
Microsoft Visual Studio Solution File, Format Version 12.00
# Visual Studio Version 17
VisualStudioVersion = 17.5.33424.131
MinimumVisualStudioVersion = 10.0.40219.1
Project("{8BC9CEB8-8B4A-11D0-8D11-00A0C91BC942}") = "RamieRobota", "RamieRobota\RamieRobota.vcxproj", "{4336887A-B9C2-4AF9-B329-EFDE71143135}"
EndProject
Project("{8BC9CEB8-8B4A-11D0-8D11-00A0C91BC942}") = "ProjectTest", "ProjectTest\ProjectTest.vcxproj", "{89325699-FE16-444E-BA82-32E97B97BECE}"
EndProject
Global
	GlobalSection(SolutionConfigurationPlatforms) = preSolution
		Debug|x64 = Debug|x64
		Debug|x86 = Debug|x86
		Release|x64 = Release|x64
		Release|x86 = Release|x86
	EndGlobalSection
	GlobalSection(ProjectConfigurationPlatforms) = postSolution
		{4336887A-B9C2-4AF9-B329-EFDE71143135}.Debug|x64.ActiveCfg = Debug|x64
		{4336887A-B9C2-4AF9-B329-EFDE71143135}.Debug|x64.Build.0 = Debug|x64
		{4336887A-B9C2-4AF9-B329-EFDE71143135}.Debug|x86.ActiveCfg = Debug|Win32
		{4336887A-B9C2-4AF9-B329-EFDE71143135}.Debug|x86.Build.0 = Debug|Win32
		{4336887A-B9C2-4AF9-B329-EFDE71143135}.Release|x64.ActiveCfg = Release|x64
		{4336887A-B9C2-4AF9-B329-EFDE71143135}.Release|x64.Build.0 = Release|x64
		{4336887A-B9C2-4AF9-B329-EFDE71143135}.Release|x86.ActiveCfg = Release|Win32
		{4336887A-B9C2-4AF9-B329-EFDE71143135}.Release|x86.Build.0 = Release|Win32
		{89325699-FE16-444E-BA82-32E97B97BECE}.Debug|x64.ActiveCfg = Debug|x64
		{89325699-FE16-444E-BA82-32E97B97BECE}.Debug|x64.Build.0 = Debug|x64
		{89325699-FE16-444E-BA82-32E97B97BECE}.Debug|x86.ActiveCfg = Debug|Win32
		{89325699-FE16-444E-BA82-32E97B97BECE}.Debug|x86.Build.0 = Debug|Win32
		{89325699-FE16-444E-BA82-32E97B97BECE}.Release|x64.ActiveCfg = Release|x64
		{89325699-FE16-444E-BA82-32E97B97BECE}.Release|x64.Build.0 = Release|x64
		{89325699-FE16-444E-BA82-32E97B97BECE}.Release|x86.ActiveCfg = Release|Win32
		{89325699-FE16-444E-BA82-32E97B97BECE}.Release|x86.Build.0 = Release|Win32
	EndGlobalSection
	GlobalSection(SolutionProperties) = preSolution
		HideSolutionNode = FALSE
	EndGlobalSection
	GlobalSection(ExtensibilityGlobals) = postSolution
		SolutionGuid = {EC1DFB0F-77F7-405E-B7AA-D723BD53C731}
	EndGlobalSection
EndGlobal
